
Microsoft Visual Studio Solution File, Format Version 11.00
# Visual Studio 2010
Project("{FAE04EC0-301F-11D3-BF4B-00C04F79EFBC}") = "21SumOfEven", "21SumOfEven\21SumOfEven.csproj", "{1DD09FFD-7A67-4768-9773-9B56D08CAABA}"
EndProject
Global
	GlobalSection(SolutionConfigurationPlatforms) = preSolution
		Debug|x86 = Debug|x86
		Release|x86 = Release|x86
	EndGlobalSection
	GlobalSection(ProjectConfigurationPlatforms) = postSolution
		{1DD09FFD-7A67-4768-9773-9B56D08CAABA}.Debug|x86.ActiveCfg = Debug|x86
		{1DD09FFD-7A67-4768-9773-9B56D08CAABA}.Debug|x86.Build.0 = Debug|x86
		{1DD09FFD-7A67-4768-9773-9B56D08CAABA}.Release|x86.ActiveCfg = Release|x86
		{1DD09FFD-7A67-4768-9773-9B56D08CAABA}.Release|x86.Build.0 = Release|x86
	EndGlobalSection
	GlobalSection(SolutionProperties) = preSolution
		HideSolutionNode = FALSE
	EndGlobalSection
EndGlobal
